# THIS IS AN AUTOGENERATED FILE. DO NOT EDIT THIS FILE DIRECTLY.
# yarn lockfile v1


balanced-match@^1.0.0:
  version "1.0.0"
  resolved "http://registry.npm.taobao.org/balanced-match/download/balanced-match-1.0.0.tgz#89b4d199ab2bee49de164ea02b89ce462d71b767"

brace-expansion@^1.1.7:
  version "1.1.8"
  resolved "http://registry.npm.taobao.org/brace-expansion/download/brace-expansion-1.1.8.tgz#c07b211c7c952ec1f8efd51a77ef0d1d3990a292"
  dependencies:
    balanced-match "^1.0.0"
    concat-map "0.0.1"

commander@~2.11.0:
  version "2.11.0"
  resolved "http://registry.npm.taobao.org/commander/download/commander-2.11.0.tgz#157152fd1e7a6c8d98a5b715cf376df928004563"

concat-map@0.0.1:
  version "0.0.1"
  resolved "http://registry.npm.taobao.org/concat-map/download/concat-map-0.0.1.tgz#d8a96bd77fd68df7793a73036a3ba0d5405d477b"

estree-walker@^0.2.1:
  version "0.2.1"
  resolved "http://registry.npm.taobao.org/estree-walker/download/estree-walker-0.2.1.tgz#bdafe8095383d8414d5dc2ecf4c9173b6db9412e"

magic-string@^0.15.2:
  version "0.15.2"
  resolved "http://registry.npm.taobao.org/magic-string/download/magic-string-0.15.2.tgz#0681d7388741bbc3addaa65060992624c6c09e9c"
  dependencies:
    vlq "^0.2.1"

minimatch@^3.0.2:
  version "3.0.4"
  resolved "http://registry.npm.taobao.org/minimatch/download/minimatch-3.0.4.tgz#5166e286457f03306064be5497e8dbb0c3d32083"
  dependencies:
    brace-expansion "^1.1.7"

rollup-plugin-replace@^1.1.1:
  version "1.1.1"
  resolved "http://registry.npm.taobao.org/rollup-plugin-replace/download/rollup-plugin-replace-1.1.1.tgz#396315ded050a6ce43b9518a886a3f60efb1ea33"
  dependencies:
    magic-string "^0.15.2"
    minimatch "^3.0.2"
    rollup-pluginutils "^1.5.0"

rollup-plugin-uglify@^2.0.1:
  version "2.0.1"
  resolved "http://registry.npm.taobao.org/rollup-plugin-uglify/download/rollup-plugin-uglify-2.0.1.tgz#67b37ad1efdafbd83af4c36b40c189ee4866c969"
  dependencies:
    uglify-js "^3.0.9"

rollup-pluginutils@^1.5.0:
  version "1.5.2"
  resolved "http://registry.npm.taobao.org/rollup-pluginutils/download/rollup-pluginutils-1.5.2.tgz#1e156e778f94b7255bfa1b3d0178be8f5c552408"
  dependencies:
    estree-walker "^0.2.1"
    minimatch "^3.0.2"

rollup@^0.45.2:
  version "0.45.2"
  resolved "http://registry.npm.taobao.org/rollup/download/rollup-0.45.2.tgz#63a284c2b31234656f24e9e9717fabb6a7f0fa43"
  dependencies:
    source-map-support "^0.4.0"

source-map-support@^0.4.0:
  version "0.4.15"
  resolved "http://registry.npm.taobao.org/source-map-support/download/source-map-support-0.4.15.tgz#03202df65c06d2bd8c7ec2362a193056fef8d3b1"
  dependencies:
    source-map "^0.5.6"

source-map@^0.5.6, source-map@~0.5.1:
  version "0.5.6"
  resolved "http://registry.npm.taobao.org/source-map/download/source-map-0.5.6.tgz#75ce38f52bf0733c5a7f0c118d81334a2bb5f412"

uglify-js@^3.0.9:
  version "3.0.27"
  resolved "http://registry.npm.taobao.org/uglify-js/download/uglify-js-3.0.27.tgz#a97db8c8ba6b9dba4e2f88d86aa9548fa6320034"
  dependencies:
    commander "~2.11.0"
    source-map "~0.5.1"

vlq@^0.2.1:
  version "0.2.2"
  resolved "http://registry.npm.taobao.org/vlq/download/vlq-0.2.2.tgz#e316d5257b40b86bb43cb8d5fea5d7f54d6b0ca1"
